// !$*UTF8*$!
{
	archiveVersion = 1;
	classes = {
	};
	objectVersion = 50;
	objects = {

/* Begin PBXBuildFile section */
		79216E35228AEC7D0068F6B1 /* Assets.xcassets in Resources */ = {isa = PBXBuildFile; fileRef = 79216E33228AE4C70068F6B1 /* Assets.xcassets */; };
		797B83552253734800967AA6 /* AppDelegate.swift in Sources */ = {isa = PBXBuildFile; fileRef = 797B83542253734800967AA6 /* AppDelegate.swift */; };
		797B83572253734800967AA6 /* ViewController.swift in Sources */ = {isa = PBXBuildFile; fileRef = 797B83562253734800967AA6 /* ViewController.swift */; };
		797B835A2253734800967AA6 /* Main.storyboard in Resources */ = {isa = PBXBuildFile; fileRef = 797B83582253734800967AA6 /* Main.storyboard */; };
		797B835F2253734A00967AA6 /* LaunchScreen.storyboard in Resources */ = {isa = PBXBuildFile; fileRef = 797B835D2253734A00967AA6 /* LaunchScreen.storyboard */; };
		79AA4843228644C600776220 /* GradientColor.swift in Sources */ = {isa = PBXBuildFile; fileRef = 79AA4842228644C600776220 /* GradientColor.swift */; };
		79CF58DD228D821700DE1ECB /* NumberViewController.swift in Sources */ = {isa = PBXBuildFile; fileRef = 79CF58DC228D821700DE1ECB /* NumberViewController.swift */; };
/* End PBXBuildFile section */

/* Begin PBXFileReference section */
		79216E33228AE4C70068F6B1 /* Assets.xcassets */ = {isa = PBXFileReference; lastKnownFileType = folder.assetcatalog; path = Assets.xcassets; sourceTree = "<group>"; };
		797B83512253734800967AA6 /* Sos.app */ = {isa = PBXFileReference; explicitFileType = wrapper.application; includeInIndex = 0; path = Sos.app; sourceTree = BUILT_PRODUCTS_DIR; };
		797B83542253734800967AA6 /* AppDelegate.swift */ = {isa = PBXFileReference; lastKnownFileType = sourcecode.swift; path = AppDelegate.swift; sourceTree = "<group>"; };
		797B83562253734800967AA6 /* ViewController.swift */ = {isa = PBXFileReference; lastKnownFileType = sourcecode.swift; path = ViewController.swift; sourceTree = "<group>"; };
		797B83592253734800967AA6 /* Base */ = {isa = PBXFileReference; lastKnownFileType = file.storyboard; name = Base; path = Base.lproj/Main.storyboard; sourceTree = "<group>"; };
		797B835E2253734A00967AA6 /* Base */ = {isa = PBXFileReference; lastKnownFileType = file.storyboard; name = Base; path = Base.lproj/LaunchScreen.storyboard; sourceTree = "<group>"; };
		797B83602253734A00967AA6 /* Info.plist */ = {isa = PBXFileReference; lastKnownFileType = text.plist.xml; path = Info.plist; sourceTree = "<group>"; };
		79AA4842228644C600776220 /* GradientColor.swift */ = {isa = PBXFileReference; lastKnownFileType = sourcecode.swift; path = GradientColor.swift; sourceTree = "<group>"; };
		79CF58DC228D821700DE1ECB /* NumberViewController.swift */ = {isa = PBXFileReference; lastKnownFileType = sourcecode.swift; path = NumberViewController.swift; sourceTree = "<group>"; };
/* End PBXFileReference section */

/* Begin PBXFrameworksBuildPhase section */
		797B834E2253734800967AA6 /* Frameworks */ = {
			isa = PBXFrameworksBuildPhase;
			buildActionMask = 2147483647;
			files = (
			);
			runOnlyForDeploymentPostprocessing = 0;
		};
/* End PBXFrameworksBuildPhase section */

/* Begin PBXGroup section */
		797B83482253734800967AA6 = {
			isa = PBXGroup;
			children = (
				797B83532253734800967AA6 /* Sos */,
				797B83522253734800967AA6 /* Products */,
			);
			sourceTree = "<group>";
		};
		797B83522253734800967AA6 /* Products */ = {
			isa = PBXGroup;
			children = (
				797B83512253734800967AA6 /* Sos.app */,
			);
			name = Products;
			sourceTree = "<group>";
		};
		797B83532253734800967AA6 /* Sos */ = {
			isa = PBXGroup;
			children = (
				797B83542253734800967AA6 /* AppDelegate.swift */,
				797B83562253734800967AA6 /* ViewController.swift */,
				79AA4842228644C600776220 /* GradientColor.swift */,
				79CF58DC228D821700DE1ECB /* NumberViewController.swift */,
				79216E33228AE4C70068F6B1 /* Assets.xcassets */,
				797B83582253734800967AA6 /* Main.storyboard */,
				797B835D2253734A00967AA6 /* LaunchScreen.storyboard */,
				797B83602253734A00967AA6 /* Info.plist */,
			);
			path = Sos;
			sourceTree = "<group>";
		};
/* End PBXGroup section */

/* Begin PBXNativeTarget section */
		797B83502253734800967AA6 /* Sos */ = {
			isa = PBXNativeTarget;
			buildConfigurationList = 797B83632253734A00967AA6 /* Build configuration list for PBXNativeTarget "Sos" */;
			buildPhases = (
				797B834D2253734800967AA6 /* Sources */,
				797B834E2253734800967AA6 /* Frameworks */,
				797B834F2253734800967AA6 /* Resources */,
			);
			buildRules = (
			);
			dependencies = (
			);
			name = Sos;
			productName = Sos;
			productReference = 797B83512253734800967AA6 /* Sos.app */;
			productType = "com.apple.product-type.application";
		};
/* End PBXNativeTarget section */

/* Begin PBXProject section */
		797B83492253734800967AA6 /* Project object */ = {
			isa = PBXProject;
			attributes = {
				LastSwiftUpdateCheck = 1020;
				LastUpgradeCheck = 1020;
				ORGANIZATIONNAME = "Иван Белоконь";
				TargetAttributes = {
					797B83502253734800967AA6 = {
						CreatedOnToolsVersion = 10.2;
					};
				};
			};
			buildConfigurationList = 797B834C2253734800967AA6 /* Build configuration list for PBXProject "Sos" */;
			compatibilityVersion = "Xcode 9.3";
			developmentRegion = en;
			hasScannedForEncodings = 0;
			knownRegions = (
				en,
				Base,
			);
			mainGroup = 797B83482253734800967AA6;
			productRefGroup = 797B83522253734800967AA6 /* Products */;
			projectDirPath = "";
			projectRoot = "";
			targets = (
				797B83502253734800967AA6 /* Sos */,
			);
		};
/* End PBXProject section */

/* Begin PBXResourcesBuildPhase section */
		797B834F2253734800967AA6 /* Resources */ = {
			isa = PBXResourcesBuildPhase;
			buildActionMask = 2147483647;
			files = (
				797B835F2253734A00967AA6 /* LaunchScreen.storyboard in Resources */,
				79216E35228AEC7D0068F6B1 /* Assets.xcassets in Resources */,
				797B835A2253734800967AA6 /* Main.storyboard in Resources */,
			);
			runOnlyForDeploymentPostprocessing = 0;
		};
/* End PBXResourcesBuildPhase section */

/* Begin PBXSourcesBuildPhase section */
		797B834D2253734800967AA6 /* Sources */ = {
			isa = PBXSourcesBuildPhase;
			buildActionMask = 2147483647;
			files = (
				797B83572253734800967AA6 /* ViewController.swift in Sources */,
				797B83552253734800967AA6 /* AppDelegate.swift in Sources */,
				79AA4843228644C600776220 /* GradientColor.swift in Sources */,
				79CF58DD228D821700DE1ECB /* NumberViewController.swift in Sources */,
			);
			runOnlyForDeploymentPostprocessing = 0;
		};
/* End PBXSourcesBuildPhase section */

/* Begin PBXVariantGroup section */
		797B83582253734800967AA6 /* Main.storyboard */ = {
			isa = PBXVariantGroup;
			children = (
				797B83592253734800967AA6 /* Base */,
			);
			name = Main.storyboard;
			sourceTree = "<group>";
		};
		797B835D2253734A00967AA6 /* LaunchScreen.storyboard */ = {
			isa = PBXVariantGroup;
			children = (
				797B835E2253734A00967AA6 /* Base */,
			);
			name = LaunchScreen.storyboard;
			sourceTree = "<group>";
		};
/* End PBXVariantGroup section */

/* Begin XCBuildConfiguration section */
		797B83612253734A00967AA6 /* Debug */ = {
			isa = XCBuildConfiguration;
			buildSettings = {
				ALWAYS_SEARCH_USER_PATHS = NO;
				CLANG_ANALYZER_NONNULL = YES;
				CLANG_ANALYZER_NUMBER_OBJECT_CONVERSION = YES_AGGRESSIVE;
				CLANG_CXX_LANGUAGE_STANDARD = "gnu++14";
				CLANG_CXX_LIBRARY = "libc++";
				CLANG_ENABLE_MODULES = YES;
				CLANG_ENABLE_OBJC_ARC = YES;
				CLANG_ENABLE_OBJC_WEAK = YES;
				CLANG_WARN_BLOCK_CAPTURE_AUTORELEASING = YES;
				CLANG_WARN_BOOL_CONVERSION = YES;
				CLANG_WARN_COMMA = YES;
				CLANG_WARN_CONSTANT_CONVERSION = YES;
				CLANG_WARN_DEPRECATED_OBJC_IMPLEMENTATIONS = YES;
				CLANG_WARN_DIRECT_OBJC_ISA_USAGE = YES_ERROR;
				CLANG_WARN_DOCUMENTATION_COMMENTS = YES;
				CLANG_WARN_EMPTY_BODY = YES;
				CLANG_WARN_ENUM_CONVERSION = YES;
				CLANG_WARN_INFINITE_RECURSION = YES;
				CLANG_WARN_INT_CONVERSION = YES;
				CLANG_WARN_NON_LITERAL_NULL_CONVERSION = YES;
				CLANG_WARN_OBJC_IMPLICIT_RETAIN_SELF = YES;
				CLANG_WARN_OBJC_LITERAL_CONVERSION = YES;
				CLANG_WARN_OBJC_ROOT_CLASS = YES_ERROR;
				CLANG_WARN_RANGE_LOOP_ANALYSIS = YES;
				CLANG_WARN_STRICT_PROTOTYPES = YES;
				CLANG_WARN_SUSPICIOUS_MOVE = YES;
				CLANG_WARN_UNGUARDED_AVAILABILITY = YES_AGGRESSIVE;
				CLANG_WARN_UNREACHABLE_CODE = YES;
				CLANG_WARN__DUPLICATE_METHOD_MATCH = YES;
				CODE_SIGN_IDENTITY = "iPhone Developer";
				COPY_PHASE_STRIP = NO;
				DEBUG_INFORMATION_FORMAT = dwarf;
				ENABLE_STRICT_OBJC_MSGSEND = YES;
				ENABLE_TESTABILITY = YES;
				GCC_C_LANGUAGE_STANDARD = gnu11;
				GCC_DYNAMIC_NO_PIC = NO;
				GCC_NO_COMMON_BLOCKS = YES;
				GCC_OPTIMIZATION_LEVEL = 0;
				GCC_PREPROCESSOR_DEFINITIONS = (
					"DEBUG=1",
					"$(inherited)",
				);
				GCC_WARN_64_TO_32_BIT_CONVERSION = YES;
				GCC_WARN_ABOUT_RETURN_TYPE = YES_ERROR;
				GCC_WARN_UNDECLARED_SELECTOR = YES;
				GCC_WARN_UNINITIALIZED_AUTOS = YES_AGGRESSIVE;
				GCC_WARN_UNUSED_FUNCTION = YES;
				GCC_WARN_UNUSED_VARIABLE = YES;
				IPHONEOS_DEPLOYMENT_TARGET = 12.2;
				MTL_ENABLE_DEBUG_INFO = INCLUDE_SOURCE;
				MTL_FAST_MATH = YES;
				ONLY_ACTIVE_ARCH = YES;
				SDKROOT = iphoneos;
				SWIFT_ACTIVE_COMPILATION_CONDITIONS = DEBUG;
				SWIFT_OPTIMIZATION_LEVEL = "-Onone";
			};
			name = Debug;
		};
		797B83622253734A00967AA6 /* Release */ = {
			isa = XCBuildConfiguration;
			buildSettings = {
				ALWAYS_SEARCH_USER_PATHS = NO;
				CLANG_ANALYZER_NONNULL = YES;
				CLANG_ANALYZER_NUMBER_OBJECT_CONVERSION = YES_AGGRESSIVE;
				CLANG_CXX_LANGUAGE_STANDARD = "gnu++14";
				CLANG_CXX_LIBRARY = "libc++";
				CLANG_ENABLE_MODULES = YES;
				CLANG_ENABLE_OBJC_ARC = YES;
				CLANG_ENABLE_OBJC_WEAK = YES;
				CLANG_WARN_BLOCK_CAPTURE_AUTORELEASING = YES;
				CLANG_WARN_BOOL_CONVERSION = YES;
				CLANG_WARN_COMMA = YES;
				CLANG_WARN_CONSTANT_CONVERSION = YES;
				CLANG_WARN_DEPRECATED_OBJC_IMPLEMENTATIONS = YES;
				CLANG_WARN_DIRECT_OBJC_ISA_USAGE = YES_ERROR;
				CLANG_WARN_DOCUMENTATION_COMMENTS = YES;
				CLANG_WARN_EMPTY_BODY = YES;
				CLANG_WARN_ENUM_CONVERSION = YES;
				CLANG_WARN_INFINITE_RECURSION = YES;
				CLANG_WARN_INT_CONVERSION = YES;
				CLANG_WARN_NON_LITERAL_NULL_CONVERSION = YES;
				CLANG_WARN_OBJC_IMPLICIT_RETAIN_SELF = YES;
				CLANG_WARN_OBJC_LITERAL_CONVERSION = YES;
				CLANG_WARN_OBJC_ROOT_CLASS = YES_ERROR;
				CLANG_WARN_RANGE_LOOP_ANALYSIS = YES;
				CLANG_WARN_STRICT_PROTOTYPES = YES;
				CLANG_WARN_SUSPICIOUS_MOVE = YES;
				CLANG_WARN_UNGUARDED_AVAILABILITY = YES_AGGRESSIVE;
				CLANG_WARN_UNREACHABLE_CODE = YES;
				CLANG_WARN__DUPLICATE_METHOD_MATCH = YES;
				CODE_SIGN_IDENTITY = "iPhone Developer";
				COPY_PHASE_STRIP = NO;
				DEBUG_INFORMATION_FORMAT = "dwarf-with-dsym";
				ENABLE_NS_ASSERTIONS = NO;
				ENABLE_STRICT_OBJC_MSGSEND = YES;
				GCC_C_LANGUAGE_STANDARD = gnu11;
				GCC_NO_COMMON_BLOCKS = YES;
				GCC_WARN_64_TO_32_BIT_CONVERSION = YES;
				GCC_WARN_ABOUT_RETURN_TYPE = YES_ERROR;
				GCC_WARN_UNDECLARED_SELECTOR = YES;
				GCC_WARN_UNINITIALIZED_AUTOS = YES_AGGRESSIVE;
				GCC_WARN_UNUSED_FUNCTION = YES;
				GCC_WARN_UNUSED_VARIABLE = YES;
				IPHONEOS_DEPLOYMENT_TARGET = 12.2;
				MTL_ENABLE_DEBUG_INFO = NO;
				MTL_FAST_MATH = YES;
				SDKROOT = iphoneos;
				SWIFT_COMPILATION_MODE = wholemodule;
				SWIFT_OPTIMIZATION_LEVEL = "-O";
				VALIDATE_PRODUCT = YES;
			};
			name = Release;
		};
		797B83642253734A00967AA6 /* Debug */ = {
			isa = XCBuildConfiguration;
			buildSettings = {
				ASSETCATALOG_COMPILER_APPICON_NAME = AppIcon;
				CODE_SIGN_STYLE = Automatic;
				DEVELOPMENT_TEAM = 7DX6HF68PR;
				INFOPLIST_FILE = Sos/Info.plist;
				LD_RUNPATH_SEARCH_PATHS = (
					"$(inherited)",
					"@executable_path/Frameworks",
				);
				PRODUCT_BUNDLE_IDENTIFIER = "Ivan-Bielokon.Sos123";
				PRODUCT_NAME = "$(TARGET_NAME)";
				SWIFT_VERSION = 5.0;
				TARGETED_DEVICE_FAMILY = "1,2";
			};
			name = Debug;
		};
		797B83652253734A00967AA6 /* Release */ = {
			isa = XCBuildConfiguration;
			buildSettings = {
				ASSETCATALOG_COMPILER_APPICON_NAME = AppIcon;
				CODE_SIGN_STYLE = Automatic;
				DEVELOPMENT_TEAM = 7DX6HF68PR;
				INFOPLIST_FILE = Sos/Info.plist;
				LD_RUNPATH_SEARCH_PATHS = (
					"$(inherited)",
					"@executable_path/Frameworks",
				);
				PRODUCT_BUNDLE_IDENTIFIER = "Ivan-Bielokon.Sos123";
				PRODUCT_NAME = "$(TARGET_NAME)";
				SWIFT_VERSION = 5.0;
				TARGETED_DEVICE_FAMILY = "1,2";
			};
			name = Release;
		};
/* End XCBuildConfiguration section */

/* Begin XCConfigurationList section */
		797B834C2253734800967AA6 /* Build configuration list for PBXProject "Sos" */ = {
			isa = XCConfigurationList;
			buildConfigurations = (
				797B83612253734A00967AA6 /* Debug */,
				797B83622253734A00967AA6 /* Release */,
			);
			defaultConfigurationIsVisible = 0;
			defaultConfigurationName = Release;
		};
		797B83632253734A00967AA6 /* Build configuration list for PBXNativeTarget "Sos" */ = {
			isa = XCConfigurationList;
			buildConfigurations = (
				797B83642253734A00967AA6 /* Debug */,
				797B83652253734A00967AA6 /* Release */,
			);
			defaultConfigurationIsVisible = 0;
			defaultConfigurationName = Release;
		};
/* End XCConfigurationList section */
	};
	rootObject = 797B83492253734800967AA6 /* Project object */;
}
